
Microsoft Visual Studio Solution File, Format Version 12.00
# Visual Studio 2012
Project("{FAE04EC0-301F-11D3-BF4B-00C04F79EFBC}") = "SampleApp", "SampleApp\SampleApp.csproj", "{58D690D7-6727-4093-A39B-C5050114000B}"
EndProject
Global
	GlobalSection(SolutionConfigurationPlatforms) = preSolution
		Debug|Any CPU = Debug|Any CPU
		Release|Any CPU = Release|Any CPU
	EndGlobalSection
	GlobalSection(ProjectConfigurationPlatforms) = postSolution
		{58D690D7-6727-4093-A39B-C5050114000B}.Debug|Any CPU.ActiveCfg = Debug|Any CPU
		{58D690D7-6727-4093-A39B-C5050114000B}.Debug|Any CPU.Build.0 = Debug|Any CPU
		{58D690D7-6727-4093-A39B-C5050114000B}.Release|Any CPU.ActiveCfg = Release|Any CPU
		{58D690D7-6727-4093-A39B-C5050114000B}.Release|Any CPU.Build.0 = Release|Any CPU
	EndGlobalSection
	GlobalSection(SolutionProperties) = preSolution
		HideSolutionNode = FALSE
	EndGlobalSection
EndGlobal
